
Microsoft Visual Studio Solution File, Format Version 12.00
# Visual Studio Version 16
VisualStudioVersion = 16.0.31229.75
MinimumVisualStudioVersion = 10.0.40219.1
Project("{FAE04EC0-301F-11D3-BF4B-00C04F79EFBC}") = "CoffeeShop", "CoffeeShop.csproj", "{06185347-9FDD-4F53-8F1B-F35E617D9B65}"
EndProject
Global
	GlobalSection(SolutionConfigurationPlatforms) = preSolution
		Debug|Any CPU = Debug|Any CPU
		Release|Any CPU = Release|Any CPU
	EndGlobalSection
	GlobalSection(ProjectConfigurationPlatforms) = postSolution
		{06185347-9FDD-4F53-8F1B-F35E617D9B65}.Debug|Any CPU.ActiveCfg = Debug|Any CPU
		{06185347-9FDD-4F53-8F1B-F35E617D9B65}.Debug|Any CPU.Build.0 = Debug|Any CPU
		{06185347-9FDD-4F53-8F1B-F35E617D9B65}.Release|Any CPU.ActiveCfg = Release|Any CPU
		{06185347-9FDD-4F53-8F1B-F35E617D9B65}.Release|Any CPU.Build.0 = Release|Any CPU
	EndGlobalSection
	GlobalSection(SolutionProperties) = preSolution
		HideSolutionNode = FALSE
	EndGlobalSection
	GlobalSection(ExtensibilityGlobals) = postSolution
		SolutionGuid = {DA54B350-48B5-424A-9949-C10E6D39FFCD}
	EndGlobalSection
EndGlobal
